version = 1
revision = 3
requires-python = "==3.10.*"

[[package]]
name = "cffi"
version = "2.1.1"
source = { registry = "https://pypi.org/simple" }
dependencies = [
    { name = "pycparser", marker = "implementation_name != 'PyPy'" },
]
sdist = { url = "https://files.pythonhosted.org/packages/9e/ef/008a1939e372c06329a3fce4279c02f328488f3526744906eeec3da7ad5f/cffi-2.1.1.tar.gz", hash = "sha256:dd31f52ea1086513bb9df30f8fcee9b8918323ae067a3d5b78bc826a000712be", size = 530807, upload-time = "2026-08-03T21:21:18.939Z" }
wheels = [
    { url = "https://files.pythonhosted.org/packages/b6/d2/2cde336b375f55c76ca670f0be3978cc048e31e24f3b4d7ce8473150a388/cffi-2.1.1-cp310-cp310-macosx_10_15_x86_64.whl", hash = "sha256:baed1e86cc735622097354b9d1281406caf42ff42a886d29faa8e8d1630333be", size = 183779, upload-time = "2026-08-03T21:19:15.602Z" },
    { url = "https://files.pythonhosted.org/packages/94/1a/4b2f7c92293ba05cbd4a9a1b28faaf0326272d9488e6354657571c48a7aa/cffi-2.1.1-cp310-cp310-macosx_11_0_arm64.whl", hash = "sha256:ca82be1a1d406ecfe1d25dc16cb33488e5a16bf4438c9fb590484ea29d92478b", size = 184178, upload-time = "2026-08-03T21:19:16.67Z" },
    { url = "https://files.pythonhosted.org/packages/17/0b/ba385d8ccedf926c3cd06e8e2f327027da5afe5f0eb30f1f7bc43ac55125/cffi-2.1.1-cp310-cp310-manylinux1_i686.manylinux2014_i686.manylinux_2_17_i686.manylinux_2_5_i686.whl", hash = "sha256:42e2f76b9455f5a9a844f770bf3e200ed3da0e15f5df3db9c31fe80b04b3d004", size = 211037, upload-time = "2026-08-03T21:19:17.705Z" },
    { url = "https://files.pythonhosted.org/packages/a3/b9/0f2e58b2cefa33255bff36935d42b13180fe559bba82596540eb404bde7d/cffi-2.1.1-cp310-cp310-manylinux2014_aarch64.manylinux_2_17_aarch64.whl", hash = "sha256:5a59cc1c4442bc3d5c703bf720b51138d0bfc173618807c9ee2490a7541dd3d9", size = 218652, upload-time = "2026-08-03T21:19:18.735Z" },
    { url = "https://files.pythonhosted.org/packages/37/15/180e0dab27b9312c7479003d14c9e547634b7dcb934e2cc4650e1b131a7a/cffi-2.1.1-cp310-cp310-manylinux2014_ppc64le.manylinux_2_17_ppc64le.whl", hash = "sha256:9f8d177621de5cb38ee3e731eda45d421db093ec0739f46a5594babda7987a98", size = 205422, upload-time = "2026-08-03T21:19:19.96Z" },
    { url = "https://files.pythonhosted.org/packages/18/d4/03026f0c850cbbaa9030750490225b4a7f4d524ea4df72c3cc740a90f4ef/cffi-2.1.1-cp310-cp310-manylinux2014_s390x.manylinux_2_17_s390x.whl", hash = "sha256:75f80557d1389eddbd0de2681f6a390a0c5338c31ddaa821381c203fc3fd50d9", size = 205444, upload-time = "2026-08-03T21:19:21.246Z" },
    { url = "https://files.pythonhosted.org/packages/75/77/60bebf6f818bec84210ac5b6979ce4eeadce6fbbaabc9c7ab23e506d1ce5/cffi-2.1.1-cp310-cp310-manylinux2014_x86_64.manylinux_2_17_x86_64.whl", hash = "sha256:194cffa889098ced9976c3fc6340305e43f6303657d298da55366907c05c22d6", size = 218742, upload-time = "2026-08-03T21:19:22.523Z" },
    { url = "https://files.pythonhosted.org/packages/b0/ae/679bf47e73fd77b352171727f07de559a003f14de5d02b904a6ec1fa73ca/cffi-2.1.1-cp310-cp310-musllinux_1_2_aarch64.whl", hash = "sha256:5bb4e7ea95dcd6a014a6fef62e62467d67d8e582326443f3d68e71d6320a9fcf", size = 221054, upload-time = "2026-08-03T21:19:23.694Z" },
    { url = "https://files.pythonhosted.org/packages/09/b8/eefc0e06913b70aa153bf74c946094a18f58fd4aff11b7f372bfdfdca050/cffi-2.1.1-cp310-cp310-musllinux_1_2_i686.whl", hash = "sha256:3d22a20b1fb1632cc72c22f95f7b0d2961c3e1c235f245ba4c606c4771035659", size = 213489, upload-time = "2026-08-03T21:19:24.922Z" },
    { url = "https://files.pythonhosted.org/packages/6f/13/4e56852824a03cdf68523a35686f1c28eacd4bd30a7b0a78e682e6e6e1d3/cffi-2.1.1-cp310-cp310-musllinux_1_2_x86_64.whl", hash = "sha256:1dea0e4d7d4f11f619fe8c1d76caf49e24405b4b5743c0e3be16a500ecd930c9", size = 220241, upload-time = "2026-08-03T21:19:26.214Z" },
    { url = "https://files.pythonhosted.org/packages/99/7f/040f9e163e4acac3ee3d85b02d00b2576e7ca980d8785f0a3a5f1a9bf7f5/cffi-2.1.1-cp310-cp310-win32.whl", hash = "sha256:7ce713ace7c0e4520535b42b77eaa742c16dab813978064913e5a3cf82973b41", size = 174578, upload-time = "2026-08-03T21:19:27.338Z" },
    { url = "https://files.pythonhosted.org/packages/ba/0b/644a2ec1a4eaba49c2939410bb1eb1d25b09d6d0582f5d2f95c537043725/cffi-2.1.1-cp310-cp310-win_amd64.whl", hash = "sha256:a48d62ab9d6f4f98c983223a547af44be6ca3691074c31cecced6facd3ba2dc1", size = 185082, upload-time = "2026-08-03T21:19:28.409Z" },
]

[[package]]
name = "click"
version = "8.5.0"
source = { registry = "https://pypi.org/simple" }
sdist = { url = "https://files.pythonhosted.org/packages/c7/0e/7fa0ef50764b67090eca4114772a2abf8b6148198475e54c660b97caeee6/click-8.5.0.tar.gz", hash = "sha256:ba0d2089de75ea0310e2dde03160e6ca10009947fb95a182f9b54021bb272e34", size = 382235, upload-time = "2026-08-26T13:33:14.56Z" }
wheels = [
    { url = "https://files.pythonhosted.org/packages/58/50/6c0d534c5f134586a8e1ba4e330569e32f057e33372ae556463212fb4cd3/click-8.5.0-py3-none-any.whl", hash = "sha256:255bc9599cf7748b4b1a446ccc735421bd08a2ae529a8b88597d3de5664ee360", size = 125251, upload-time = "2026-08-26T13:33:12.928Z" },
]

[[package]]
name = "colorama"
version = "0.4.6"
source = { registry = "https://pypi.org/simple" }
sdist = { url = "https://files.pythonhosted.org/packages/d8/53/6f443c9a4a8358a93a6792e2acffb9d9d5cb0a5cfd8802644b7b1c9a02e4/colorama-0.4.6.tar.gz", hash = "sha256:08695f5cb7ed6e0531a20572697297273c47b8cae5a63ffc6d6ed5c201be6e44", size = 27697, upload-time = "2022-10-25T02:36:22.414Z" }
wheels = [
    { url = "https://files.pythonhosted.org/packages/d1/d6/3965ed04c63042e047cb6a3e6ed1a63a35087b6a609aa3a15ed8ac56c221/colorama-0.4.6-py2.py3-none-any.whl", hash = "sha256:4f1d9991f5acc0ca119f9d443620b77f9d6b33703e51011c16baf57afb285fc6", size = 25335, upload-time = "2022-10-25T02:36:20.889Z" },
]

[[package]]
name = "cyclonedds"
version = "0.10.2"
source = { registry = "https://pypi.org/simple" }
dependencies = [
    { name = "rich-click" },
]
sdist = { url = "https://files.pythonhosted.org/packages/62/88/4b440f5916976234838989c3214222a5abc6fd48009a992c4dc22a86c04f/cyclonedds-0.10.2.tar.gz", hash = "sha256:f834962eabbdcdf4e9cd75cf87222f3c5ef22d9cb9e7ed651d9a8710fe984a30", size = 156849, upload-time = "2022-09-09T07:04:19.798Z" }
wheels = [
    { url = "https://files.pythonhosted.org/packages/16/9f/ad6b8668e5f6d7297cdca4fa42e3c57073f5a323aa7a590e2a1581289eef/cyclonedds-0.10.2-cp310-cp310-macosx_10_9_x86_64.whl", hash = "sha256:63a7e2a2b9e326939a01c86e47f47c529e066728f41faec37e6bc8d54f2f0841", size = 862463, upload-time = "2022-09-09T07:04:22.957Z" },
    { url = "https://files.pythonhosted.org/packages/04/2b/b392a8593c9d7e7f770c60900b3ea3733704ec9786de258d6013b9faad0c/cyclonedds-0.10.2-cp310-cp310-macosx_11_0_arm64.whl", hash = "sha256:e834a6eda188a2c48aa19fa94809511dc791ed6c13bdcc20a50b50d80bfaa1f4", size = 797567, upload-time = "2022-09-09T07:04:24.353Z" },
    { url = "https://files.pythonhosted.org/packages/c1/23/6d8b2630e0c1f24b84c414572ca16b728c69f0d81d974756b4bf0e990afe/cyclonedds-0.10.2-cp310-cp310-manylinux_2_17_x86_64.manylinux2014_x86_64.whl", hash = "sha256:1194b03377e7644c7fb7230dd19b85eb363699d179459bdc5486974ec8d0fc0e", size = 6612050, upload-time = "2022-09-09T07:04:27.111Z" },
    { url = "https://files.pythonhosted.org/packages/bc/05/6b4084bc94f564ec8a1b2e4b3b3634835064fefec560f57d85a173d5c68f/cyclonedds-0.10.2-cp310-cp310-musllinux_1_1_x86_64.whl", hash = "sha256:2965d180c66d2dc03d1d39de056a57007c41c6b21173fee73b808c5123a7a1c5", size = 6634895, upload-time = "2022-09-09T07:04:29.16Z" },
    { url = "https://files.pythonhosted.org/packages/f1/e7/3bbb2d3e6eb7aa29e2edc95ea5062458a0c92dd3e87640f83feed537e555/cyclonedds-0.10.2-cp310-cp310-win_amd64.whl", hash = "sha256:a5be989f69103954c6041b80e3ea1ae9973d41b1b0e437fb71b671417c450ad6", size = 2274046, upload-time = "2022-09-09T07:04:30.987Z" },
]

[[package]]
name = "d1t-teleop"
version = "0.0.1"
source = { editable = "." }
dependencies = [
    { name = "cyclonedds" },
    { name = "dynamixel-sdk" },
    { name = "gello" },
    { name = "numpy" },
    { name = "pyzmq" },
    { name = "termcolor" },
    { name = "tyro" },
    { name = "unitree-sdk2py" },
]

[package.metadata]
requires-dist = [
    { name = "cyclonedds", specifier = "==0.10.2" },
    { name = "dynamixel-sdk", editable = "third_party/gello_software/third_party/DynamixelSDK/python" },
    { name = "gello", editable = "third_party/gello_software" },
    { name = "numpy" },
    { name = "pyzmq" },
    { name = "termcolor" },
    { name = "tyro" },
    { name = "unitree-sdk2py", editable = "third_party/unitree_sdk2_python" },
]

[[package]]
name = "docstring-parser"
version = "0.18.0"
source = { registry = "https://pypi.org/simple" }
sdist = { url = "https://files.pythonhosted.org/packages/e0/4d/f332313098c1de1b2d2ff91cf2674415cc7cddab2ca1b01ae29774bd5fdf/docstring_parser-0.18.0.tar.gz", hash = "sha256:292510982205c12b1248696f44959db3cdd1740237a968ea1e2e7a900eeb2015", size = 29341, upload-time = "2026-04-14T04:09:19.867Z" }
wheels = [
    { url = "https://files.pythonhosted.org/packages/a7/5f/ed01f9a3cdffbd5a008556fc7b2a08ddb1cc6ace7effa7340604b1d16699/docstring_parser-0.18.0-py3-none-any.whl", hash = "sha256:b3fcbed555c47d8479be0796ef7e19c2670d428d72e96da63f3a40122860374b", size = 22484, upload-time = "2026-04-14T04:09:18.638Z" },
]

[[package]]
name = "dynamixel-sdk"
version = "3.7.51"
source = { editable = "third_party/gello_software/third_party/DynamixelSDK/python" }
dependencies = [
    { name = "pyserial" },
]

[package.metadata]
requires-dist = [{ name = "pyserial" }]

[[package]]
name = "gello"
version = "0.0.1"
source = { editable = "third_party/gello_software" }
dependencies = [
    { name = "numpy" },
]

[package.metadata]
requires-dist = [{ name = "numpy" }]

[[package]]
name = "markdown-it-py"
version = "4.2.0"
source = { registry = "https://pypi.org/simple" }
dependencies = [
    { name = "mdurl" },
]
sdist = { url = "https://files.pythonhosted.org/packages/06/ff/7841249c247aa650a76b9ee4bbaeae59370dc8bfd2f6c01f3630c35eb134/markdown_it_py-4.2.0.tar.gz", hash = "sha256:04a21681d6fbb623de53f6f364d352309d4094dd4194040a10fd51833e418d49", size = 82454, upload-time = "2026-05-07T12:08:28.36Z" }
wheels = [
    { url = "https://files.pythonhosted.org/packages/b3/81/4da04ced5a082363ecfa159c010d200ecbd959ae410c10c0264a38cac0f5/markdown_it_py-4.2.0-py3-none-any.whl", hash = "sha256:9f7ebbcd14fe59494226453aed97c1070d83f8d24b6fc3a3bcf9a38092641c4a", size = 91687, upload-time = "2026-05-07T12:08:27.182Z" },
]

[[package]]
name = "mdurl"
version = "0.1.2"
source = { registry = "https://pypi.org/simple" }
sdist = { url = "https://files.pythonhosted.org/packages/d6/54/cfe61301667036ec958cb99bd3efefba235e65cdeb9c84d24a8293ba1d90/mdurl-0.1.2.tar.gz", hash = "sha256:bb413d29f5eea38f31dd4754dd7377d4465116fb207585f97bf925588687c1ba", size = 8729, upload-time = "2022-08-14T12:40:10.846Z" }
wheels = [
    { url = "https://files.pythonhosted.org/packages/b3/38/89ba8ad64ae25be8de66a6d463314cf1eb366222074cfda9ee839c56a4b4/mdurl-0.1.2-py3-none-any.whl", hash = "sha256:84008a41e51615a49fc9966191ff91509e3c40b939176e643fd50a5c2196b8f8", size = 9979, upload-time = "2022-08-14T12:40:09.779Z" },
]

[[package]]
name = "numpy"
version = "2.2.6"
source = { registry = "https://pypi.org/simple" }
sdist = { url = "https://files.pythonhosted.org/packages/76/21/7d2a95e4bba9dc13d043ee156a356c0a8f0c6309dff6b21b4d71a073b8a8/numpy-2.2.6.tar.gz", hash = "sha256:e29554e2bef54a90aa5cc07da6ce955accb83f21ab5de01a62c8478897b264fd", size = 20276440, upload-time = "2025-05-17T22:38:04.611Z" }
wheels = [
    { url = "https://files.pythonhosted.org/packages/9a/3e/ed6db5be21ce87955c0cbd3009f2803f59fa08df21b5df06862e2d8e2bdd/numpy-2.2.6-cp310-cp310-macosx_10_9_x86_64.whl", hash = "sha256:b412caa66f72040e6d268491a59f2c43bf03eb6c96dd8f0307829feb7fa2b6fb", size = 21165245, upload-time = "2025-05-17T21:27:58.555Z" },
    { url = "https://files.pythonhosted.org/packages/22/c2/4b9221495b2a132cc9d2eb862e21d42a009f5a60e45fc44b00118c174bff/numpy-2.2.6-cp310-cp310-macosx_11_0_arm64.whl", hash = "sha256:8e41fd67c52b86603a91c1a505ebaef50b3314de0213461c7a6e99c9a3beff90", size = 14360048, upload-time = "2025-05-17T21:28:21.406Z" },
    { url = "https://files.pythonhosted.org/packages/fd/77/dc2fcfc66943c6410e2bf598062f5959372735ffda175b39906d54f02349/numpy-2.2.6-cp310-cp310-macosx_14_0_arm64.whl", hash = "sha256:37e990a01ae6ec7fe7fa1c26c55ecb672dd98b19c3d0e1d1f326fa13cb38d163", size = 5340542, upload-time = "2025-05-17T21:28:30.931Z" },
    { url = "https://files.pythonhosted.org/packages/7a/4f/1cb5fdc353a5f5cc7feb692db9b8ec2c3d6405453f982435efc52561df58/numpy-2.2.6-cp310-cp310-macosx_14_0_x86_64.whl", hash = "sha256:5a6429d4be8ca66d889b7cf70f536a397dc45ba6faeb5f8c5427935d9592e9cf", size = 6878301, upload-time = "2025-05-17T21:28:41.613Z" },
    { url = "https://files.pythonhosted.org/packages/eb/17/96a3acd228cec142fcb8723bd3cc39c2a474f7dcf0a5d16731980bcafa95/numpy-2.2.6-cp310-cp310-manylinux_2_17_aarch64.manylinux2014_aarch64.whl", hash = "sha256:efd28d4e9cd7d7a8d39074a4d44c63eda73401580c5c76acda2ce969e0a38e83", size = 14297320, upload-time = "2025-05-17T21:29:02.78Z" },
    { url = "https://files.pythonhosted.org/packages/b4/63/3de6a34ad7ad6646ac7d2f55ebc6ad439dbbf9c4370017c50cf403fb19b5/numpy-2.2.6-cp310-cp310-manylinux_2_17_x86_64.manylinux2014_x86_64.whl", hash = "sha256:fc7b73d02efb0e18c000e9ad8b83480dfcd5dfd11065997ed4c6747470ae8915", size = 16801050, upload-time = "2025-05-17T21:29:27.675Z" },
    { url = "https://files.pythonhosted.org/packages/07/b6/89d837eddef52b3d0cec5c6ba0456c1bf1b9ef6a6672fc2b7873c3ec4e2e/numpy-2.2.6-cp310-cp310-musllinux_1_2_aarch64.whl", hash = "sha256:74d4531beb257d2c3f4b261bfb0fc09e0f9ebb8842d82a7b4209415896adc680", size = 15807034, upload-time = "2025-05-17T21:29:51.102Z" },
    { url = "https://files.pythonhosted.org/packages/01/c8/dc6ae86e3c61cfec1f178e5c9f7858584049b6093f843bca541f94120920/numpy-2.2.6-cp310-cp310-musllinux_1_2_x86_64.whl", hash = "sha256:8fc377d995680230e83241d8a96def29f204b5782f371c532579b4f20607a289", size = 18614185, upload-time = "2025-05-17T21:30:18.703Z" },
    { url = "https://files.pythonhosted.org/packages/5b/c5/0064b1b7e7c89137b471ccec1fd2282fceaae0ab3a9550f2568782d80357/numpy-2.2.6-cp310-cp310-win32.whl", hash = "sha256:b093dd74e50a8cba3e873868d9e93a85b78e0daf2e98c6797566ad8044e8363d", size = 6527149, upload-time = "2025-05-17T21:30:29.788Z" },
    { url = "https://files.pythonhosted.org/packages/a3/dd/4b822569d6b96c39d1215dbae0582fd99954dcbcf0c1a13c61783feaca3f/numpy-2.2.6-cp310-cp310-win_amd64.whl", hash = "sha256:f0fd6321b839904e15c46e0d257fdd101dd7f530fe03fd6359c1ea63738703f3", size = 12904620, upload-time = "2025-05-17T21:30:48.994Z" },
    { url = "https://files.pythonhosted.org/packages/9e/3b/d94a75f4dbf1ef5d321523ecac21ef23a3cd2ac8b78ae2aac40873590229/numpy-2.2.6-pp310-pypy310_pp73-macosx_10_15_x86_64.whl", hash = "sha256:0b605b275d7bd0c640cad4e5d30fa701a8d59302e127e5f79138ad62762c3e3d", size = 21040391, upload-time = "2025-05-17T21:44:35.948Z" },
    { url = "https://files.pythonhosted.org/packages/17/f4/09b2fa1b58f0fb4f7c7963a1649c64c4d315752240377ed74d9cd878f7b5/numpy-2.2.6-pp310-pypy310_pp73-macosx_14_0_x86_64.whl", hash = "sha256:7befc596a7dc9da8a337f79802ee8adb30a552a94f792b9c9d18c840055907db", size = 6786754, upload-time = "2025-05-17T21:44:47.446Z" },
    { url = "https://files.pythonhosted.org/packages/af/30/feba75f143bdc868a1cc3f44ccfa6c4b9ec522b36458e738cd00f67b573f/numpy-2.2.6-pp310-pypy310_pp73-manylinux_2_17_x86_64.manylinux2014_x86_64.whl", hash = "sha256:ce47521a4754c8f4593837384bd3424880629f718d87c5d44f8ed763edd63543", size = 16643476, upload-time = "2025-05-17T21:45:11.871Z" },
    { url = "https://files.pythonhosted.org/packages/37/48/ac2a9584402fb6c0cd5b5d1a91dcf176b15760130dd386bbafdbfe3640bf/numpy-2.2.6-pp310-pypy310_pp73-win_amd64.whl", hash = "sha256:d042d24c90c41b54fd506da306759e06e568864df8ec17ccc17e9e884634fd00", size = 12812666, upload-time = "2025-05-17T21:45:31.426Z" },
]

[[package]]
name = "opencv-python"
version = "5.0.0.93"
source = { registry = "https://pypi.org/simple" }
dependencies = [
    { name = "numpy" },
]
sdist = { url = "https://files.pythonhosted.org/packages/79/4c/a438d23e09ce2033c09f7b784ad2fbdb0adf529e434101ed28f142226f98/opencv_python-5.0.0.93.tar.gz", hash = "sha256:66aac3e5b5faa48d4025816592f3af19e4bfc2c68dec067bae2dbb4ca10aa9e2", size = 81802749, upload-time = "2026-07-02T06:59:53.815Z" }
wheels = [
    { url = "https://files.pythonhosted.org/packages/9c/75/76f6ade78f6102c61034f828e2a22616708df2c9504bc8d6af9dd8f73dc5/opencv_python-5.0.0.93-cp37-abi3-macosx_13_0_arm64.whl", hash = "sha256:198a75138241810206a17c829dbcc40a7cb1841cda538ca86cbbfc6c7d95f898", size = 48322443, upload-time = "2026-07-02T05:50:25.466Z" },
    { url = "https://files.pythonhosted.org/packages/15/8c/bc1bda6aae69a32e9d84fc34153ba104cd25226861eb4aea33b2cea4860d/opencv_python-5.0.0.93-cp37-abi3-macosx_14_0_x86_64.whl", hash = "sha256:6bbc32f59e1b1a7db7b39c81f63d00625f041d333037fd8702f6da52cc39108b", size = 34782755, upload-time = "2026-07-02T05:51:30.556Z" },
    { url = "https://files.pythonhosted.org/packages/f4/8a/b04776ec45d2dea08a1b176f1829201db3515d4ed16c35f8fcc9fa7beb16/opencv_python-5.0.0.93-cp37-abi3-manylinux2014_aarch64.manylinux_2_17_aarch64.whl", hash = "sha256:e2b4272e736836f66c2d176e43ab8101f3a00d45654916399f52e150c58981ac", size = 50614064, upload-time = "2026-07-02T06:53:22.604Z" },
    { url = "https://files.pythonhosted.org/packages/95/54/eb47866b94f2b5b42dde17644b78055ef1ee05aae59962c7290e55270803/opencv_python-5.0.0.93-cp37-abi3-manylinux2014_x86_64.manylinux_2_17_x86_64.whl", hash = "sha256:f8b6d0a212253dd26ad338c812f1f23ca118fdf05a9c8c6b9444f161aa8c5881", size = 71064711, upload-time = "2026-07-02T06:54:13.148Z" },
    { url = "https://files.pythonhosted.org/packages/93/da/962579f1e703cbf8c5422fd1f576467dcb3b5b0b0b81c1471c979764353a/opencv_python-5.0.0.93-cp37-abi3-manylinux_2_28_aarch64.whl", hash = "sha256:08d5d91d967b58d6db86073b2ad3eaef88ca4ebdfd45c9059bf59f5ded0c7ad2", size = 49798576, upload-time = "2026-07-02T06:54:33.781Z" },
    { url = "https://files.pythonhosted.org/packages/cf/4c/c73f828fdbcd37eaf21d08fa852544a3ca7c2dbb3ea76873d64f2ea413d1/opencv_python-5.0.0.93-cp37-abi3-manylinux_2_28_x86_64.whl", hash = "sha256:c8de2dec111122a02e8beb28e16c31904992dfd6186560b142a92c71403c1039", size = 73783032, upload-time = "2026-07-02T06:55:03.415Z" },
    { url = "https://files.pythonhosted.org/packages/e2/4b/edaf83b996ca5a1a3d8ccad485706b9c6d4742b13b9c4586bf1c1e7d9423/opencv_python-5.0.0.93-cp37-abi3-win32.whl", hash = "sha256:4b4b1a34c79bf8d3738e3cfe9a9e67b51a79663f6b692cbdad8c31f570da4157", size = 35564734, upload-time = "2026-07-02T05:49:57.704Z" },
    { url = "https://files.pythonhosted.org/packages/21/f0/9fa6e85cb10c8eb36a0222d27e50fe381b86ce49a55446bf39f491727564/opencv_python-5.0.0.93-cp37-abi3-win_amd64.whl", hash = "sha256:f90ba04b8f73bc5c3814037699739f0156f597338a98f05956c684e7c3ca10d2", size = 44000345, upload-time = "2026-07-02T05:49:54.971Z" },
]

[[package]]
name = "pycparser"
version = "3.0"
source = { registry = "https://pypi.org/simple" }
sdist = { url = "https://files.pythonhosted.org/packages/1b/7d/92392ff7815c21062bea51aa7b87d45576f649f16458d78b7cf94b9ab2e6/pycparser-3.0.tar.gz", hash = "sha256:600f49d217304a5902ac3c37e1281c9fe94e4d0489de643a9504c5cdfdfc6b29", size = 103492, upload-time = "2026-01-21T14:26:51.89Z" }
wheels = [
    { url = "https://files.pythonhosted.org/packages/0c/c3/44f3fbbfa403ea2a7c779186dc20772604442dde72947e7d01069cbe98e3/pycparser-3.0-py3-none-any.whl", hash = "sha256:b727414169a36b7d524c1c3e31839a521725078d7b2ff038656844266160a992", size = 48172, upload-time = "2026-01-21T14:26:50.693Z" },
]

[[package]]
name = "pygments"
version = "2.21.0"
source = { registry = "https://pypi.org/simple" }
sdist = { url = "https://files.pythonhosted.org/packages/49/2e/ced460408999b33da6b31b0021b0f37d329e202d4169aeb164493778f25b/pygments-2.21.0.tar.gz", hash = "sha256:610ca751c9bc2492b38eb9a38a7fbc93edbbb2d7182edaf34e66ae493dee5c8c", size = 5005329, upload-time = "2026-08-17T08:02:48.824Z" }
wheels = [
    { url = "https://files.pythonhosted.org/packages/71/46/17f022dd3e953bf20a04a028a21ec746d942f8d2af30fa0f124fa0e6a684/pygments-2.21.0-py3-none-any.whl", hash = "sha256:2363c69b61c4a97c838da3b130dcd6468f4848992b21a82f2a63ec34377137d9", size = 1250147, upload-time = "2026-08-17T08:02:44.912Z" },
]

[[package]]
name = "pyserial"
version = "3.5"
source = { registry = "https://pypi.org/simple" }
sdist = { url = "https://files.pythonhosted.org/packages/1e/7d/ae3f0a63f41e4d2f6cb66a5b57197850f919f59e558159a4dd3a818f5082/pyserial-3.5.tar.gz", hash = "sha256:3c77e014170dfffbd816e6ffc205e9842efb10be9f58ec16d3e8675b4925cddb", size = 159125, upload-time = "2020-11-23T03:59:15.045Z" }
wheels = [
    { url = "https://files.pythonhosted.org/packages/07/bc/587a445451b253b285629263eb51c2d8e9bcea4fc97826266d186f96f558/pyserial-3.5-py2.py3-none-any.whl", hash = "sha256:c4451db6ba391ca6ca299fb3ec7bae67a5c55dde170964c7a14ceefec02f2cf0", size = 90585, upload-time = "2020-11-23T03:59:13.41Z" },
]

[[package]]
name = "pyzmq"
version = "27.2.0"
source = { registry = "https://pypi.org/simple" }
dependencies = [
    { name = "cffi", marker = "implementation_name == 'pypy'" },
]
sdist = { url = "https://files.pythonhosted.org/packages/e7/8d/5b3d5631c2f4b4b8862f64cd0c9eb777b5710eeb5125b4be8dd0a200a4c0/pyzmq-27.2.0.tar.gz", hash = "sha256:54d4259d1bfae24ecdb5ca79f7acc2eac6c286a02d6a0ae617797cb45f0726d3", size = 292316, upload-time = "2026-08-20T19:08:21.19Z" }
wheels = [
    { url = "https://files.pythonhosted.org/packages/38/de/c9d653d686ec686bac6ae5f953c784ffc4d2e4a33f9c20d0326aff549ca8/pyzmq-27.2.0-cp310-cp310-macosx_10_15_universal2.whl", hash = "sha256:480dba27b145373b5e103890f17969d891bc9e86746d6b8b29dd70b0d4addc62", size = 1458528, upload-time = "2026-08-20T19:06:11.455Z" },
    { url = "https://files.pythonhosted.org/packages/13/3a/e3ae8e56fdb87cefbef655dc1d808d5ac76eacf40af850c5d78fd81a7faf/pyzmq-27.2.0-cp310-cp310-manylinux2014_i686.manylinux_2_17_i686.whl", hash = "sha256:722f0a6940be1a483c81029a271d950e04dc2ff113a42e21b3d2b7a0d8e59638", size = 985810, upload-time = "2026-08-20T19:06:13.409Z" },
    { url = "https://files.pythonhosted.org/packages/03/ee/0ace0abf6315f3f481388826f1e9218802d9b5bb4a01bae5ce42018c3b4e/pyzmq-27.2.0-cp310-cp310-manylinux_2_26_aarch64.manylinux_2_28_aarch64.whl", hash = "sha256:3ee556ed1cf836f96de9d5e545563116426d4a94f21b8041fdc79408eff18ebb", size = 713840, upload-time = "2026-08-20T19:06:14.85Z" },
    { url = "https://files.pythonhosted.org/packages/3b/fd/aee8c87f4854a012e232a6557b1167b6cd207506f59f378954b2d8bb6ed1/pyzmq-27.2.0-cp310-cp310-manylinux_2_26_x86_64.manylinux_2_28_x86_64.whl", hash = "sha256:d64da42cae09e6b0c61368b4cc8ca80f23ce3af17584d08053f3dc957433d5ed", size = 888214, upload-time = "2026-08-20T19:06:16.295Z" },
    { url = "https://files.pythonhosted.org/packages/94/2f/9be34eab874a26aa91315be0b27f94d43d35dad544cbdf28bcd41691afb2/pyzmq-27.2.0-cp310-cp310-musllinux_1_2_aarch64.whl", hash = "sha256:376981d106598beb70be384f44d8f589832fd0051d184d38d10043da3cc3b080", size = 1705252, upload-time = "2026-08-20T19:06:17.89Z" },
    { url = "https://files.pythonhosted.org/packages/7f/26/362344e337d6b5905d65d0c205e91090b39b3b5a59ec9b84dbe88a5dd60c/pyzmq-27.2.0-cp310-cp310-musllinux_1_2_i686.whl", hash = "sha256:40d96cb7a8f6a43aa9617c00215c2b73e1b5e4a1d6cbc9f5860ed7ac682599f0", size = 2075298, upload-time = "2026-08-20T19:06:19.27Z" },
    { url = "https://files.pythonhosted.org/packages/1d/ee/3b76b91e2bb8c5c12f8ae9ee553eb6254ba0bb048c2f0dea7d945420a0d3/pyzmq-27.2.0-cp310-cp310-musllinux_1_2_x86_64.whl", hash = "sha256:4ebc7889b31bc11c72e9f17ba3ebb0a8b0911cce413f41b498e55383a94819a3", size = 1926812, upload-time = "2026-08-20T19:06:20.621Z" },
    { url = "https://files.pythonhosted.org/packages/9e/ae/83d0740f125a6ef91d5ed29e560679e4c5beeaa3ab1fc87e5fe1128c296d/pyzmq-27.2.0-cp310-cp310-win32.whl", hash = "sha256:650c6cd7cb39a069e7048261efe66fce8bf2e0052c831a7a099b7a0f2ea860d7", size = 571057, upload-time = "2026-08-20T19:06:22.078Z" },
    { url = "https://files.pythonhosted.org/packages/ce/b3/3e99a7af1c25e84f68c6c7b16c51b664dd51e12d0bc3d252a48d298e9a08/pyzmq-27.2.0-cp310-cp310-win_amd64.whl", hash = "sha256:82a09aa67871d4f2fcafd47bf670fb93210b232a7c2d4b8a54676314edf04033", size = 643232, upload-time = "2026-08-20T19:06:23.431Z" },
    { url = "https://files.pythonhosted.org/packages/06/cb/785d002a08e630807141b102fd2740cc11623c366bb4606465450bd12e03/pyzmq-27.2.0-cp310-cp310-win_arm64.whl", hash = "sha256:bad4813f270592cedf56977e31ac1fc374fb0f6f67ea5134a5e37c19cb429a8e", size = 567590, upload-time = "2026-08-20T19:06:24.664Z" },
    { url = "https://files.pythonhosted.org/packages/57/8a/153532fa53db30e116118164f3af269a1f3966b3e2ba32c89b12fe864bd8/pyzmq-27.2.0-cp312-abi3-macosx_10_15_universal2.whl", hash = "sha256:591c8de5851c5ea372194469fe97587b97c3b641e9a70f31bb3474acbfde0241", size = 1431074, upload-time = "2026-08-20T19:06:40.601Z" },
    { url = "https://files.pythonhosted.org/packages/c8/ef/c08b91248bb90a9efa81fa00ba81b69c157c74d0c5efbb2c319d91babb62/pyzmq-27.2.0-cp312-abi3-manylinux2014_i686.manylinux_2_17_i686.whl", hash = "sha256:00e73942ef12cecbc7951c4a9104bb8ffaed742abb13af2da6833d90dd368cef", size = 973915, upload-time = "2026-08-20T19:06:42.037Z" },
    { url = "https://files.pythonhosted.org/packages/b4/78/a3a3a86c2b00fadb92ece1ca4f8f028d62b2ce9ac3526097239ab2d6fba9/pyzmq-27.2.0-cp312-abi3-manylinux_2_26_aarch64.manylinux_2_28_aarch64.whl", hash = "sha256:1f8079d0521fe94bbb401fe9407578b28f3701627c8be2c9f7e0c5b77dcb0109", size = 697722, upload-time = "2026-08-20T19:06:43.325Z" },
    { url = "https://files.pythonhosted.org/packages/62/2c/d5828306f795e8d34676d266823b74e2101e0ad3760d12083de3e02abbb2/pyzmq-27.2.0-cp312-abi3-manylinux_2_26_x86_64.manylinux_2_28_x86_64.whl", hash = "sha256:dea74fd65f1fc5f7fe167916a473ebe6ed6174e5e5d9de11ea6583661be6cf43", size = 872258, upload-time = "2026-08-20T19:06:44.627Z" },
    { url = "https://files.pythonhosted.org/packages/09/52/51253b78fd8739293e283407eeecb14215c02c71b6519af21f6eed8e69cd/pyzmq-27.2.0-cp312-abi3-manylinux_2_38_riscv64.manylinux_2_39_riscv64.whl", hash = "sha256:dcc99ca132b667a4ed750afd42db4ea73288f18425a9b2e3c0af095665c491f5", size = 739591, upload-time = "2026-08-20T19:06:46.214Z" },
    { url = "https://files.pythonhosted.org/packages/e6/3e/142c85b67a4c9678629b0cf6d5125b29663d75be69bfaa57a3cac344d780/pyzmq-27.2.0-cp312-abi3-musllinux_1_2_aarch64.whl", hash = "sha256:b8d5f66e4a8246cf77f7b8f7902af64f00553368fa0373c89d99b78f0ad79394", size = 1689031, upload-time = "2026-08-20T19:06:47.612Z" },
    { url = "https://files.pythonhosted.org/packages/0e/ee/0776fb0f98ed1eb74d77240087fef0ab045b6ad15cb09555c6c5134c98ad/pyzmq-27.2.0-cp312-abi3-musllinux_1_2_i686.whl", hash = "sha256:d1526b42a2e725b84ed226f37becedc250c6347594e5ed304e4e9aff68c9aec3", size = 2059547, upload-time = "2026-08-20T19:06:49.064Z" },
    { url = "https://files.pythonhosted.org/packages/aa/0e/ec77f691a4aebe29ab6329f996fb0e0270c876a3016086e3ca6ef733bcae/pyzmq-27.2.0-cp312-abi3-musllinux_1_2_x86_64.whl", hash = "sha256:f707bcf2c1d007d14d70531d4dd7b41060881c73efa845580bf6faaf9ea24d42", size = 1910457, upload-time = "2026-08-20T19:06:50.783Z" },
    { url = "https://files.pythonhosted.org/packages/30/97/1f5530ff4fc271b4597048371d5af972c2baab51be132ba15874e0327a6a/pyzmq-27.2.0-cp312-abi3-win32.whl", hash = "sha256:fdaaa4ea3242f6ad298eb5177eb042aea5c73c30e76d20caee7b15af20d24ec2", size = 563450, upload-time = "2026-08-20T19:06:52.307Z" },
    { url = "https://files.pythonhosted.org/packages/02/8b/b83f7780dad22e0878e4c7bd9158ebd24ed12bc3d5e3a471cd0576f77ded/pyzmq-27.2.0-cp312-abi3-win_amd64.whl", hash = "sha256:2c218c6ab8bc447ba62054b581fd30209689d199c6ecb253f79615ca74a38e12", size = 628633, upload-time = "2026-08-20T19:06:53.809Z" },
    { url = "https://files.pythonhosted.org/packages/52/aa/3918b5ac7f9987bd9c421b065074fd7409ded88f856f2c704a24341877ec/pyzmq-27.2.0-cp312-abi3-win_arm64.whl", hash = "sha256:348d6fd3e4b81ae4580622ea8c2ea60224e84b2ac1b3be4482e6edc7de06e7a3", size = 556006, upload-time = "2026-08-20T19:06:55.242Z" },
    { url = "https://files.pythonhosted.org/packages/8c/26/1a7cd2d8e4e3c27d83a46960e22101b69f527843be140cb3375267aa8ca6/pyzmq-27.2.0-pp310-pypy310_pp73-macosx_10_15_x86_64.whl", hash = "sha256:770a37f28ddfbe1d2c40a2e3ce37e5fd10831daa6ae9634105aa8a5d23507b00", size = 875015, upload-time = "2026-08-20T19:07:52.084Z" },
    { url = "https://files.pythonhosted.org/packages/b8/ed/c8daf770ca31eb293bef40f801f05148e0a96ad538d55ec3bceb226c91ec/pyzmq-27.2.0-pp310-pypy310_pp73-macosx_11_0_arm64.whl", hash = "sha256:b398c5fe102b41e1559f7ffdae760aabd5f432d73b047b4ae0eac4e01cb594d2", size = 774400, upload-time = "2026-08-20T19:07:53.596Z" },
    { url = "https://files.pythonhosted.org/packages/64/6f/b958b0785eb15ab7a78913e3df8de705dbf226ce1d0004998fa4872bdd59/pyzmq-27.2.0-pp310-pypy310_pp73-manylinux2014_i686.manylinux_2_17_i686.whl", hash = "sha256:0e1af01858d6dc0c09cea57f9cb1ddf4601f04897b6bb1efc3a2038123c87d79", size = 877993, upload-time = "2026-08-20T19:07:55.192Z" },
    { url = "https://files.pythonhosted.org/packages/2d/5a/7a070d0e9911441061402013f0c64e5772ee781704c5dae093e6b051c6f6/pyzmq-27.2.0-pp310-pypy310_pp73-manylinux_2_26_aarch64.manylinux_2_28_aarch64.whl", hash = "sha256:211350c3ccd4746bc5a85e8fe961bad1f7f2f274f67cf1f785fad7f96f562eea", size = 614493, upload-time = "2026-08-20T19:07:56.77Z" },
    { url = "https://files.pythonhosted.org/packages/b3/28/833485224e1bd8960cbf3539db465ab2bf23b50de885dc4225a637480539/pyzmq-27.2.0-pp310-pypy310_pp73-manylinux_2_26_x86_64.manylinux_2_28_x86_64.whl", hash = "sha256:dde5e291548ca0f397623b5e523db5c90172b32aa4fd3ba464a79ea31a580b43", size = 780573, upload-time = "2026-08-20T19:07:58.18Z" },
    { url = "https://files.pythonhosted.org/packages/90/8e/52239b9b5fe4f9cf77e272e6a8c548c01ba407d08d3aeeb3220816669ef1/pyzmq-27.2.0-pp310-pypy310_pp73-win_amd64.whl", hash = "sha256:94242bd4de6af7e74665e14a88630bccd615057f6acfaf08a3a432551d604645", size = 553963, upload-time = "2026-08-20T19:08:00.015Z" },
]

[[package]]
name = "rich"
version = "15.0.0"
source = { registry = "https://pypi.org/simple" }
dependencies = [
    { name = "markdown-it-py" },
    { name = "pygments" },
]
sdist = { url = "https://files.pythonhosted.org/packages/c0/8f/0722ca900cc807c13a6a0c696dacf35430f72e0ec571c4275d2371fca3e9/rich-15.0.0.tar.gz", hash = "sha256:edd07a4824c6b40189fb7ac9bc4c52536e9780fbbfbddf6f1e2502c31b068c36", size = 230680, upload-time = "2026-04-12T08:24:00.75Z" }
wheels = [
    { url = "https://files.pythonhosted.org/packages/82/3b/64d4899d73f91ba49a8c18a8ff3f0ea8f1c1d75481760df8c68ef5235bf5/rich-15.0.0-py3-none-any.whl", hash = "sha256:33bd4ef74232fb73fe9279a257718407f169c09b78a87ad3d296f548e27de0bb", size = 310654, upload-time = "2026-04-12T08:24:02.83Z" },
]

[[package]]
name = "rich-click"
version = "1.9.9"
source = { registry = "https://pypi.org/simple" }
dependencies = [
    { name = "click" },
    { name = "colorama", marker = "sys_platform == 'win32'" },
    { name = "rich" },
    { name = "typing-extensions" },
]
sdist = { url = "https://files.pythonhosted.org/packages/96/3e/5688fdd83aea416de336582a274f2bc8236b5c261b04c11e17bc262786ad/rich_click-1.9.9.tar.gz", hash = "sha256:324cba7513cd4187ee92b2eef21f071714e45be062458c8b157bd7e0c81103e3", size = 75866, upload-time = "2026-09-05T19:20:14.799Z" }
wheels = [
    { url = "https://files.pythonhosted.org/packages/b5/51/b2b91aec091e86bc961e5164f00207d89f133cc82b5ddad541d2132ea819/rich_click-1.9.9-py3-none-any.whl", hash = "sha256:365e7a9d0adb42e41ea832a0a12e02c44c079a26536dee688125eb9814f97274", size = 71910, upload-time = "2026-09-05T19:20:13.587Z" },
]

[[package]]
name = "termcolor"
version = "3.3.0"
source = { registry = "https://pypi.org/simple" }
sdist = { url = "https://files.pythonhosted.org/packages/46/79/cf31d7a93a8fdc6aa0fbb665be84426a8c5a557d9240b6239e9e11e35fc5/termcolor-3.3.0.tar.gz", hash = "sha256:348871ca648ec6a9a983a13ab626c0acce02f515b9e1983332b17af7979521c5", size = 14434, upload-time = "2025-12-29T12:55:21.882Z" }
wheels = [
    { url = "https://files.pythonhosted.org/packages/33/d1/8bb87d21e9aeb323cc03034f5eaf2c8f69841e40e4853c2627edf8111ed3/termcolor-3.3.0-py3-none-any.whl", hash = "sha256:cf642efadaf0a8ebbbf4bc7a31cec2f9b5f21a9f726f4ccbb08192c9c26f43a5", size = 7734, upload-time = "2025-12-29T12:55:20.718Z" },
]

[[package]]
name = "typeguard"
version = "4.6.0"
source = { registry = "https://pypi.org/simple" }
dependencies = [
    { name = "typing-extensions" },
]
sdist = { url = "https://files.pythonhosted.org/packages/b4/de/4420db493fa8fc0856d5e5c1b159c63a323d2de2317babe36b01568928e8/typeguard-4.6.0.tar.gz", hash = "sha256:e7414f09111317de3e335de92cd397c5c0ca00b1cc1676de12e1d444a79b3f21", size = 82330, upload-time = "2026-07-26T08:40:23.207Z" }
wheels = [
    { url = "https://files.pythonhosted.org/packages/8f/eb/461d5f167b6f5c7d97696f397c82f82e3480e003fce3f0a1cd1dd26e2eb2/typeguard-4.6.0-py3-none-any.whl", hash = "sha256:79878165bb86f2cf5d41d159a0ff1792a796cf496882d2fe1b1c6c7049b9cdd7", size = 36884, upload-time = "2026-07-26T08:40:21.868Z" },
]

[[package]]
name = "typing-extensions"
version = "4.16.0"
source = { registry = "https://pypi.org/simple" }
sdist = { url = "https://files.pythonhosted.org/packages/f6/cc/6253133b5bb138fc3306cebfbda2c520f545d36b5be2c7255cc528bb45d6/typing_extensions-4.16.0.tar.gz", hash = "sha256:dc983d19a509c94dba722ee6abd33940f7c05a89e243c47e907eb4db6f1a43e5", size = 113555, upload-time = "2026-07-02T08:40:05.92Z" }
wheels = [
    { url = "https://files.pythonhosted.org/packages/49/d3/b8441a820a491ddfc024b0b0cf0393375b75ea13866d9c66727e54c2fc80/typing_extensions-4.16.0-py3-none-any.whl", hash = "sha256:481caa481374e813c1b176ada14e97f1f67a4539ce9cfeb3f350d78d6370c2e8", size = 45571, upload-time = "2026-07-02T08:40:04.659Z" },
]

[[package]]
name = "tyro"
version = "1.0.16"
source = { registry = "https://pypi.org/simple" }
dependencies = [
    { name = "docstring-parser" },
    { name = "typeguard" },
    { name = "typing-extensions" },
]
sdist = { url = "https://files.pythonhosted.org/packages/3c/83/4008dff806dc894fc0422017316982d3f14709046bcb0dfa720cb64501aa/tyro-1.0.16.tar.gz", hash = "sha256:edf23c9c3eecba5a2b5af152df8f34a723b689a001ff5b7311f93eff1893a636", size = 603382, upload-time = "2026-08-23T01:19:26.643Z" }
wheels = [
    { url = "https://files.pythonhosted.org/packages/23/d9/ea12ca0392c9eaeff7421efcc665f350dbc2ef30a113ee13c7afea21cf37/tyro-1.0.16-py3-none-any.whl", hash = "sha256:2f9087196113699647190459a12b6b4f2784dd0703c50ab1f7bf0f85a3a794ea", size = 216925, upload-time = "2026-08-23T01:19:25.168Z" },
]

[[package]]
name = "unitree-sdk2py"
version = "1.0.1"
source = { editable = "third_party/unitree_sdk2_python" }
dependencies = [
    { name = "cyclonedds" },
    { name = "numpy" },
    { name = "opencv-python" },
]

[package.metadata]
requires-dist = [
    { name = "cyclonedds", specifier = "==0.10.2" },
    { name = "numpy" },
    { name = "opencv-python" },
]
